
Microsoft Visual Studio Solution File, Format Version 12.00
# Visual Studio Version 16
VisualStudioVersion = 16.0.31229.75
MinimumVisualStudioVersion = 10.0.40219.1
Project("{FAE04EC0-301F-11D3-BF4B-00C04F79EFBC}") = "TibiaRuneMaker.UI", "TibiaRuneMaker.UI\TibiaRuneMaker.UI.csproj", "{799E3582-FFAD-4EE1-8A2E-AE26AF5BB1F6}"
EndProject
Project("{FAE04EC0-301F-11D3-BF4B-00C04F79EFBC}") = "TibiaRuneMaker.Logic", "TibiaRuneMaker.Logic\TibiaRuneMaker.Logic.csproj", "{63F3DCF4-15BF-4D16-9D26-6B48355FDDC2}"
EndProject
Global
	GlobalSection(SolutionConfigurationPlatforms) = preSolution
		Debug|Any CPU = Debug|Any CPU
		Release|Any CPU = Release|Any CPU
	EndGlobalSection
	GlobalSection(ProjectConfigurationPlatforms) = postSolution
		{799E3582-FFAD-4EE1-8A2E-AE26AF5BB1F6}.Debug|Any CPU.ActiveCfg = Debug|Any CPU
		{799E3582-FFAD-4EE1-8A2E-AE26AF5BB1F6}.Debug|Any CPU.Build.0 = Debug|Any CPU
		{799E3582-FFAD-4EE1-8A2E-AE26AF5BB1F6}.Release|Any CPU.ActiveCfg = Release|Any CPU
		{799E3582-FFAD-4EE1-8A2E-AE26AF5BB1F6}.Release|Any CPU.Build.0 = Release|Any CPU
		{63F3DCF4-15BF-4D16-9D26-6B48355FDDC2}.Debug|Any CPU.ActiveCfg = Debug|Any CPU
		{63F3DCF4-15BF-4D16-9D26-6B48355FDDC2}.Debug|Any CPU.Build.0 = Debug|Any CPU
		{63F3DCF4-15BF-4D16-9D26-6B48355FDDC2}.Release|Any CPU.ActiveCfg = Release|Any CPU
		{63F3DCF4-15BF-4D16-9D26-6B48355FDDC2}.Release|Any CPU.Build.0 = Release|Any CPU
	EndGlobalSection
	GlobalSection(SolutionProperties) = preSolution
		HideSolutionNode = FALSE
	EndGlobalSection
	GlobalSection(ExtensibilityGlobals) = postSolution
		SolutionGuid = {20B4CDCC-6BC5-43E4-A95D-19854EA26BE0}
	EndGlobalSection
EndGlobal
